
Microsoft Visual Studio Solution File, Format Version 12.00
# Visual Studio Version 17
VisualStudioVersion = 17.6.33815.320
MinimumVisualStudioVersion = 10.0.40219.1
Project("{9A19103F-16F7-4668-BE54-9A1E7A4F7556}") = "ThandarZinDoNetCore.ConsoleApp", "ThandarZinDoNetCore.ConsoleApp\ThandarZinDoNetCore.ConsoleApp.csproj", "{F3DDD69C-23BB-47A7-B072-7FC1C67A5681}"
EndProject
Project("{2150E333-8FDC-42A3-9474-1A3956D46DE8}") = "Document", "Document", "{532B409E-54FF-46A7-AFDA-B42E4C3DC483}"
	ProjectSection(SolutionItems) = preProject
		README.md = README.md
	EndProjectSection
EndProject
Global
	GlobalSection(SolutionConfigurationPlatforms) = preSolution
		Debug|Any CPU = Debug|Any CPU
		Release|Any CPU = Release|Any CPU
	EndGlobalSection
	GlobalSection(ProjectConfigurationPlatforms) = postSolution
		{F3DDD69C-23BB-47A7-B072-7FC1C67A5681}.Debug|Any CPU.ActiveCfg = Debug|Any CPU
		{F3DDD69C-23BB-47A7-B072-7FC1C67A5681}.Debug|Any CPU.Build.0 = Debug|Any CPU
		{F3DDD69C-23BB-47A7-B072-7FC1C67A5681}.Release|Any CPU.ActiveCfg = Release|Any CPU
		{F3DDD69C-23BB-47A7-B072-7FC1C67A5681}.Release|Any CPU.Build.0 = Release|Any CPU
	EndGlobalSection
	GlobalSection(SolutionProperties) = preSolution
		HideSolutionNode = FALSE
	EndGlobalSection
	GlobalSection(ExtensibilityGlobals) = postSolution
		SolutionGuid = {09CA15A9-D0E6-4062-913B-D716A66ED82E}
	EndGlobalSection
EndGlobal
